// !$*UTF8*$!
{
	archiveVersion = 1;
	classes = {
	};
	objectVersion = 50;
	objects = {

/* Begin PBXBuildFile section */
		1C88671B22B1459E00E39B8E /* main.c in Sources */ = {isa = PBXBuildFile; fileRef = 1C88671A22B1459E00E39B8E /* main.c */; };
		1C88672622B145BF00E39B8E /* main.c in Sources */ = {isa = PBXBuildFile; fileRef = 1C88672522B145BF00E39B8E /* main.c */; };
		1C88673C22B1465600E39B8E /* main.c in Sources */ = {isa = PBXBuildFile; fileRef = 1C88673B22B1465600E39B8E /* main.c */; };
		1C88674722B1467700E39B8E /* main.c in Sources */ = {isa = PBXBuildFile; fileRef = 1C88674622B1467700E39B8E /* main.c */; };
		1C88675222B1468D00E39B8E /* main.c in Sources */ = {isa = PBXBuildFile; fileRef = 1C88675122B1468D00E39B8E /* main.c */; };
		1C88675D22B1469700E39B8E /* main.c in Sources */ = {isa = PBXBuildFile; fileRef = 1C88675C22B1469700E39B8E /* main.c */; };
		1C88676822B146A100E39B8E /* main.c in Sources */ = {isa = PBXBuildFile; fileRef = 1C88676722B146A100E39B8E /* main.c */; };
		1C88677422B1490D00E39B8E /* main.c in Sources */ = {isa = PBXBuildFile; fileRef = 1C88677322B1490D00E39B8E /* main.c */; };
		1C952D7522B209D10072DAE1 /* main.c in Sources */ = {isa = PBXBuildFile; fileRef = 1C952D7422B209D10072DAE1 /* main.c */; };
		1C952D8022B20EC60072DAE1 /* main.c in Sources */ = {isa = PBXBuildFile; fileRef = 1C952D7F22B20EC60072DAE1 /* main.c */; };
		1CAFF6DD22B134F600A0AAEF /* main.c in Sources */ = {isa = PBXBuildFile; fileRef = 1CAFF6DC22B134F600A0AAEF /* main.c */; };
		1CAFF6EA22B1359800A0AAEF /* main.c in Sources */ = {isa = PBXBuildFile; fileRef = 1CAFF6E922B1359800A0AAEF /* main.c */; };
		1CAFF6F722B135DF00A0AAEF /* main.c in Sources */ = {isa = PBXBuildFile; fileRef = 1CAFF6F622B135DF00A0AAEF /* main.c */; };
		1CE4804F22B29AF000F0688E /* main.c in Sources */ = {isa = PBXBuildFile; fileRef = 1CE4804E22B29AF000F0688E /* main.c */; };
		1CF36A2322B52F19004BF16B /* main.c in Sources */ = {isa = PBXBuildFile; fileRef = 1CF36A2222B52F19004BF16B /* main.c */; };
		1CF36A2E22B541D9004BF16B /* main.c in Sources */ = {isa = PBXBuildFile; fileRef = 1CF36A2D22B541D9004BF16B /* main.c */; };
		1CF36A3922B549DB004BF16B /* main.c in Sources */ = {isa = PBXBuildFile; fileRef = 1CF36A3822B549DB004BF16B /* main.c */; };
/* End PBXBuildFile section */

/* Begin PBXCopyFilesBuildPhase section */
		1C88671622B1459E00E39B8E /* CopyFiles */ = {
			isa = PBXCopyFilesBuildPhase;
			buildActionMask = 2147483647;
			dstPath = /usr/share/man/man1/;
			dstSubfolderSpec = 0;
			files = (
			);
			runOnlyForDeploymentPostprocessing = 1;
		};
		1C88672122B145BF00E39B8E /* CopyFiles */ = {
			isa = PBXCopyFilesBuildPhase;
			buildActionMask = 2147483647;
			dstPath = /usr/share/man/man1/;
			dstSubfolderSpec = 0;
			files = (
			);
			runOnlyForDeploymentPostprocessing = 1;
		};
		1C88673722B1465600E39B8E /* CopyFiles */ = {
			isa = PBXCopyFilesBuildPhase;
			buildActionMask = 2147483647;
			dstPath = /usr/share/man/man1/;
			dstSubfolderSpec = 0;
			files = (
			);
			runOnlyForDeploymentPostprocessing = 1;
		};
		1C88674222B1467700E39B8E /* CopyFiles */ = {
			isa = PBXCopyFilesBuildPhase;
			buildActionMask = 2147483647;
			dstPath = /usr/share/man/man1/;
			dstSubfolderSpec = 0;
			files = (
			);
			runOnlyForDeploymentPostprocessing = 1;
		};
		1C88674D22B1468C00E39B8E /* CopyFiles */ = {
			isa = PBXCopyFilesBuildPhase;
			buildActionMask = 2147483647;
			dstPath = /usr/share/man/man1/;
			dstSubfolderSpec = 0;
			files = (
			);
			runOnlyForDeploymentPostprocessing = 1;
		};
		1C88675822B1469700E39B8E /* CopyFiles */ = {
			isa = PBXCopyFilesBuildPhase;
			buildActionMask = 2147483647;
			dstPath = /usr/share/man/man1/;
			dstSubfolderSpec = 0;
			files = (
			);
			runOnlyForDeploymentPostprocessing = 1;
		};
		1C88676322B146A100E39B8E /* CopyFiles */ = {
			isa = PBXCopyFilesBuildPhase;
			buildActionMask = 2147483647;
			dstPath = /usr/share/man/man1/;
			dstSubfolderSpec = 0;
			files = (
			);
			runOnlyForDeploymentPostprocessing = 1;
		};
		1C88676F22B1490D00E39B8E /* CopyFiles */ = {
			isa = PBXCopyFilesBuildPhase;
			buildActionMask = 2147483647;
			dstPath = /usr/share/man/man1/;
			dstSubfolderSpec = 0;
			files = (
			);
			runOnlyForDeploymentPostprocessing = 1;
		};
		1C952D7022B209D10072DAE1 /* CopyFiles */ = {
			isa = PBXCopyFilesBuildPhase;
			buildActionMask = 2147483647;
			dstPath = /usr/share/man/man1/;
			dstSubfolderSpec = 0;
			files = (
			);
			runOnlyForDeploymentPostprocessing = 1;
		};
		1C952D7B22B20EC60072DAE1 /* CopyFiles */ = {
			isa = PBXCopyFilesBuildPhase;
			buildActionMask = 2147483647;
			dstPath = /usr/share/man/man1/;
			dstSubfolderSpec = 0;
			files = (
			);
			runOnlyForDeploymentPostprocessing = 1;
		};
		1CAFF6D722B134F600A0AAEF /* CopyFiles */ = {
			isa = PBXCopyFilesBuildPhase;
			buildActionMask = 2147483647;
			dstPath = /usr/share/man/man1/;
			dstSubfolderSpec = 0;
			files = (
			);
			runOnlyForDeploymentPostprocessing = 1;
		};
		1CAFF6E522B1359800A0AAEF /* CopyFiles */ = {
			isa = PBXCopyFilesBuildPhase;
			buildActionMask = 2147483647;
			dstPath = /usr/share/man/man1/;
			dstSubfolderSpec = 0;
			files = (
			);
			runOnlyForDeploymentPostprocessing = 1;
		};
		1CAFF6F222B135DF00A0AAEF /* CopyFiles */ = {
			isa = PBXCopyFilesBuildPhase;
			buildActionMask = 2147483647;
			dstPath = /usr/share/man/man1/;
			dstSubfolderSpec = 0;
			files = (
			);
			runOnlyForDeploymentPostprocessing = 1;
		};
		1CE4804A22B29AF000F0688E /* CopyFiles */ = {
			isa = PBXCopyFilesBuildPhase;
			buildActionMask = 2147483647;
			dstPath = /usr/share/man/man1/;
			dstSubfolderSpec = 0;
			files = (
			);
			runOnlyForDeploymentPostprocessing = 1;
		};
		1CF36A1E22B52F19004BF16B /* CopyFiles */ = {
			isa = PBXCopyFilesBuildPhase;
			buildActionMask = 2147483647;
			dstPath = /usr/share/man/man1/;
			dstSubfolderSpec = 0;
			files = (
			);
			runOnlyForDeploymentPostprocessing = 1;
		};
		1CF36A2922B541D9004BF16B /* CopyFiles */ = {
			isa = PBXCopyFilesBuildPhase;
			buildActionMask = 2147483647;
			dstPath = /usr/share/man/man1/;
			dstSubfolderSpec = 0;
			files = (
			);
			runOnlyForDeploymentPostprocessing = 1;
		};
		1CF36A3422B549DB004BF16B /* CopyFiles */ = {
			isa = PBXCopyFilesBuildPhase;
			buildActionMask = 2147483647;
			dstPath = /usr/share/man/man1/;
			dstSubfolderSpec = 0;
			files = (
			);
			runOnlyForDeploymentPostprocessing = 1;
		};
/* End PBXCopyFilesBuildPhase section */

/* Begin PBXFileReference section */
		1C88671822B1459E00E39B8E /* Stat */ = {isa = PBXFileReference; explicitFileType = "compiled.mach-o.executable"; includeInIndex = 0; path = Stat; sourceTree = BUILT_PRODUCTS_DIR; };
		1C88671A22B1459E00E39B8E /* main.c */ = {isa = PBXFileReference; lastKnownFileType = sourcecode.c.c; path = main.c; sourceTree = "<group>"; };
		1C88672322B145BF00E39B8E /* Open */ = {isa = PBXFileReference; explicitFileType = "compiled.mach-o.executable"; includeInIndex = 0; path = Open; sourceTree = BUILT_PRODUCTS_DIR; };
		1C88672522B145BF00E39B8E /* main.c */ = {isa = PBXFileReference; lastKnownFileType = sourcecode.c.c; path = main.c; sourceTree = "<group>"; };
		1C88673922B1465600E39B8E /* Iotcl */ = {isa = PBXFileReference; explicitFileType = "compiled.mach-o.executable"; includeInIndex = 0; path = Iotcl; sourceTree = BUILT_PRODUCTS_DIR; };
		1C88673B22B1465600E39B8E /* main.c */ = {isa = PBXFileReference; lastKnownFileType = sourcecode.c.c; path = main.c; sourceTree = "<group>"; };
		1C88674422B1467700E39B8E /* Fopen */ = {isa = PBXFileReference; explicitFileType = "compiled.mach-o.executable"; includeInIndex = 0; path = Fopen; sourceTree = BUILT_PRODUCTS_DIR; };
		1C88674622B1467700E39B8E /* main.c */ = {isa = PBXFileReference; lastKnownFileType = sourcecode.c.c; path = main.c; sourceTree = "<group>"; };
		1C88674F22B1468D00E39B8E /* CopySlow */ = {isa = PBXFileReference; explicitFileType = "compiled.mach-o.executable"; includeInIndex = 0; path = CopySlow; sourceTree = BUILT_PRODUCTS_DIR; };
		1C88675122B1468D00E39B8E /* main.c */ = {isa = PBXFileReference; lastKnownFileType = sourcecode.c.c; path = main.c; sourceTree = "<group>"; };
		1C88675A22B1469700E39B8E /* Copy */ = {isa = PBXFileReference; explicitFileType = "compiled.mach-o.executable"; includeInIndex = 0; path = Copy; sourceTree = BUILT_PRODUCTS_DIR; };
		1C88675C22B1469700E39B8E /* main.c */ = {isa = PBXFileReference; lastKnownFileType = sourcecode.c.c; path = main.c; sourceTree = "<group>"; };
		1C88676522B146A100E39B8E /* Close */ = {isa = PBXFileReference; explicitFileType = "compiled.mach-o.executable"; includeInIndex = 0; path = Close; sourceTree = BUILT_PRODUCTS_DIR; };
		1C88676722B146A100E39B8E /* main.c */ = {isa = PBXFileReference; lastKnownFileType = sourcecode.c.c; path = main.c; sourceTree = "<group>"; };
		1C88677122B1490D00E39B8E /* AAAAReadMe */ = {isa = PBXFileReference; explicitFileType = "compiled.mach-o.executable"; includeInIndex = 0; path = AAAAReadMe; sourceTree = BUILT_PRODUCTS_DIR; };
		1C88677322B1490D00E39B8E /* main.c */ = {isa = PBXFileReference; lastKnownFileType = sourcecode.c.c; path = main.c; sourceTree = "<group>"; };
		1C952D7222B209D10072DAE1 /* MultiThreadCounter */ = {isa = PBXFileReference; explicitFileType = "compiled.mach-o.executable"; includeInIndex = 0; path = MultiThreadCounter; sourceTree = BUILT_PRODUCTS_DIR; };
		1C952D7422B209D10072DAE1 /* main.c */ = {isa = PBXFileReference; lastKnownFileType = sourcecode.c.c; path = main.c; sourceTree = "<group>"; };
		1C952D7D22B20EC60072DAE1 /* DeadLock */ = {isa = PBXFileReference; explicitFileType = "compiled.mach-o.executable"; includeInIndex = 0; path = DeadLock; sourceTree = BUILT_PRODUCTS_DIR; };
		1C952D7F22B20EC60072DAE1 /* main.c */ = {isa = PBXFileReference; lastKnownFileType = sourcecode.c.c; path = main.c; sourceTree = "<group>"; };
		1CAFF6D922B134F600A0AAEF /* APUEMac */ = {isa = PBXFileReference; explicitFileType = "compiled.mach-o.executable"; includeInIndex = 0; path = APUEMac; sourceTree = BUILT_PRODUCTS_DIR; };
		1CAFF6DC22B134F600A0AAEF /* main.c */ = {isa = PBXFileReference; lastKnownFileType = sourcecode.c.c; path = main.c; sourceTree = "<group>"; };
		1CAFF6E722B1359800A0AAEF /* Write */ = {isa = PBXFileReference; explicitFileType = "compiled.mach-o.executable"; includeInIndex = 0; path = Write; sourceTree = BUILT_PRODUCTS_DIR; };
		1CAFF6E922B1359800A0AAEF /* main.c */ = {isa = PBXFileReference; lastKnownFileType = sourcecode.c.c; path = main.c; sourceTree = "<group>"; };
		1CAFF6F422B135DF00A0AAEF /* Read */ = {isa = PBXFileReference; explicitFileType = "compiled.mach-o.executable"; includeInIndex = 0; path = Read; sourceTree = BUILT_PRODUCTS_DIR; };
		1CAFF6F622B135DF00A0AAEF /* main.c */ = {isa = PBXFileReference; lastKnownFileType = sourcecode.c.c; path = main.c; sourceTree = "<group>"; };
		1CE4804C22B29AF000F0688E /* CopyStd */ = {isa = PBXFileReference; explicitFileType = "compiled.mach-o.executable"; includeInIndex = 0; path = CopyStd; sourceTree = BUILT_PRODUCTS_DIR; };
		1CE4804E22B29AF000F0688E /* main.c */ = {isa = PBXFileReference; lastKnownFileType = sourcecode.c.c; path = main.c; sourceTree = "<group>"; };
		1CF36A2022B52F19004BF16B /* ErgodicDir */ = {isa = PBXFileReference; explicitFileType = "compiled.mach-o.executable"; includeInIndex = 0; path = ErgodicDir; sourceTree = BUILT_PRODUCTS_DIR; };
		1CF36A2222B52F19004BF16B /* main.c */ = {isa = PBXFileReference; lastKnownFileType = sourcecode.c.c; path = main.c; sourceTree = "<group>"; };
		1CF36A2B22B541D9004BF16B /* ErgodicDirImpru */ = {isa = PBXFileReference; explicitFileType = "compiled.mach-o.executable"; includeInIndex = 0; path = ErgodicDirImpru; sourceTree = BUILT_PRODUCTS_DIR; };
		1CF36A2D22B541D9004BF16B /* main.c */ = {isa = PBXFileReference; lastKnownFileType = sourcecode.c.c; path = main.c; sourceTree = "<group>"; };
		1CF36A3622B549DB004BF16B /* Mmapmini */ = {isa = PBXFileReference; explicitFileType = "compiled.mach-o.executable"; includeInIndex = 0; path = Mmapmini; sourceTree = BUILT_PRODUCTS_DIR; };
		1CF36A3822B549DB004BF16B /* main.c */ = {isa = PBXFileReference; lastKnownFileType = sourcecode.c.c; path = main.c; sourceTree = "<group>"; };
/* End PBXFileReference section */

/* Begin PBXFrameworksBuildPhase section */
		1C88671522B1459E00E39B8E /* Frameworks */ = {
			isa = PBXFrameworksBuildPhase;
			buildActionMask = 2147483647;
			files = (
			);
			runOnlyForDeploymentPostprocessing = 0;
		};
		1C88672022B145BF00E39B8E /* Frameworks */ = {
			isa = PBXFrameworksBuildPhase;
			buildActionMask = 2147483647;
			files = (
			);
			runOnlyForDeploymentPostprocessing = 0;
		};
		1C88673622B1465600E39B8E /* Frameworks */ = {
			isa = PBXFrameworksBuildPhase;
			buildActionMask = 2147483647;
			files = (
			);
			runOnlyForDeploymentPostprocessing = 0;
		};
		1C88674122B1467700E39B8E /* Frameworks */ = {
			isa = PBXFrameworksBuildPhase;
			buildActionMask = 2147483647;
			files = (
			);
			runOnlyForDeploymentPostprocessing = 0;
		};
		1C88674C22B1468C00E39B8E /* Frameworks */ = {
			isa = PBXFrameworksBuildPhase;
			buildActionMask = 2147483647;
			files = (
			);
			runOnlyForDeploymentPostprocessing = 0;
		};
		1C88675722B1469700E39B8E /* Frameworks */ = {
			isa = PBXFrameworksBuildPhase;
			buildActionMask = 2147483647;
			files = (
			);
			runOnlyForDeploymentPostprocessing = 0;
		};
		1C88676222B146A100E39B8E /* Frameworks */ = {
			isa = PBXFrameworksBuildPhase;
			buildActionMask = 2147483647;
			files = (
			);
			runOnlyForDeploymentPostprocessing = 0;
		};
		1C88676E22B1490D00E39B8E /* Frameworks */ = {
			isa = PBXFrameworksBuildPhase;
			buildActionMask = 2147483647;
			files = (
			);
			runOnlyForDeploymentPostprocessing = 0;
		};
		1C952D6F22B209D10072DAE1 /* Frameworks */ = {
			isa = PBXFrameworksBuildPhase;
			buildActionMask = 2147483647;
			files = (
			);
			runOnlyForDeploymentPostprocessing = 0;
		};
		1C952D7A22B20EC60072DAE1 /* Frameworks */ = {
			isa = PBXFrameworksBuildPhase;
			buildActionMask = 2147483647;
			files = (
			);
			runOnlyForDeploymentPostprocessing = 0;
		};
		1CAFF6D622B134F600A0AAEF /* Frameworks */ = {
			isa = PBXFrameworksBuildPhase;
			buildActionMask = 2147483647;
			files = (
			);
			runOnlyForDeploymentPostprocessing = 0;
		};
		1CAFF6E422B1359800A0AAEF /* Frameworks */ = {
			isa = PBXFrameworksBuildPhase;
			buildActionMask = 2147483647;
			files = (
			);
			runOnlyForDeploymentPostprocessing = 0;
		};
		1CAFF6F122B135DF00A0AAEF /* Frameworks */ = {
			isa = PBXFrameworksBuildPhase;
			buildActionMask = 2147483647;
			files = (
			);
			runOnlyForDeploymentPostprocessing = 0;
		};
		1CE4804922B29AF000F0688E /* Frameworks */ = {
			isa = PBXFrameworksBuildPhase;
			buildActionMask = 2147483647;
			files = (
			);
			runOnlyForDeploymentPostprocessing = 0;
		};
		1CF36A1D22B52F19004BF16B /* Frameworks */ = {
			isa = PBXFrameworksBuildPhase;
			buildActionMask = 2147483647;
			files = (
			);
			runOnlyForDeploymentPostprocessing = 0;
		};
		1CF36A2822B541D9004BF16B /* Frameworks */ = {
			isa = PBXFrameworksBuildPhase;
			buildActionMask = 2147483647;
			files = (
			);
			runOnlyForDeploymentPostprocessing = 0;
		};
		1CF36A3322B549DB004BF16B /* Frameworks */ = {
			isa = PBXFrameworksBuildPhase;
			buildActionMask = 2147483647;
			files = (
			);
			runOnlyForDeploymentPostprocessing = 0;
		};
/* End PBXFrameworksBuildPhase section */

/* Begin PBXGroup section */
		1C88671922B1459E00E39B8E /* Stat */ = {
			isa = PBXGroup;
			children = (
				1C88671A22B1459E00E39B8E /* main.c */,
			);
			path = Stat;
			sourceTree = "<group>";
		};
		1C88672422B145BF00E39B8E /* Open */ = {
			isa = PBXGroup;
			children = (
				1C88672522B145BF00E39B8E /* main.c */,
			);
			path = Open;
			sourceTree = "<group>";
		};
		1C88673A22B1465600E39B8E /* Iotcl */ = {
			isa = PBXGroup;
			children = (
				1C88673B22B1465600E39B8E /* main.c */,
			);
			path = Iotcl;
			sourceTree = "<group>";
		};
		1C88674522B1467700E39B8E /* Fopen */ = {
			isa = PBXGroup;
			children = (
				1C88674622B1467700E39B8E /* main.c */,
			);
			path = Fopen;
			sourceTree = "<group>";
		};
		1C88675022B1468D00E39B8E /* CopySlow */ = {
			isa = PBXGroup;
			children = (
				1C88675122B1468D00E39B8E /* main.c */,
			);
			path = CopySlow;
			sourceTree = "<group>";
		};
		1C88675B22B1469700E39B8E /* Copy */ = {
			isa = PBXGroup;
			children = (
				1C88675C22B1469700E39B8E /* main.c */,
			);
			path = Copy;
			sourceTree = "<group>";
		};
		1C88676622B146A100E39B8E /* Close */ = {
			isa = PBXGroup;
			children = (
				1C88676722B146A100E39B8E /* main.c */,
			);
			path = Close;
			sourceTree = "<group>";
		};
		1C88676C22B146D000E39B8E /* FileAPIStd */ = {
			isa = PBXGroup;
			children = (
				1CF36A3722B549DB004BF16B /* Mmapmini */,
				1CF36A2C22B541D9004BF16B /* ErgodicDirImpru */,
				1CF36A2122B52F19004BF16B /* ErgodicDir */,
				1CE4804D22B29AF000F0688E /* CopyStd */,
				1C88674522B1467700E39B8E /* Fopen */,
			);
			path = FileAPIStd;
			sourceTree = "<group>";
		};
		1C88677222B1490D00E39B8E /* AAAAReadMe */ = {
			isa = PBXGroup;
			children = (
				1C88677322B1490D00E39B8E /* main.c */,
			);
			path = AAAAReadMe;
			sourceTree = "<group>";
		};
		1C952D6D22B208FE0072DAE1 /* POSIXThread */ = {
			isa = PBXGroup;
			children = (
				1C952D7E22B20EC60072DAE1 /* DeadLock */,
				1C952D7322B209D10072DAE1 /* MultiThreadCounter */,
			);
			path = POSIXThread;
			sourceTree = "<group>";
		};
		1C952D7322B209D10072DAE1 /* MultiThreadCounter */ = {
			isa = PBXGroup;
			children = (
				1C952D7422B209D10072DAE1 /* main.c */,
			);
			path = MultiThreadCounter;
			sourceTree = "<group>";
		};
		1C952D7E22B20EC60072DAE1 /* DeadLock */ = {
			isa = PBXGroup;
			children = (
				1C952D7F22B20EC60072DAE1 /* main.c */,
			);
			path = DeadLock;
			sourceTree = "<group>";
		};
		1CAFF6D022B134F600A0AAEF = {
			isa = PBXGroup;
			children = (
				1C952D6D22B208FE0072DAE1 /* POSIXThread */,
				1C88677222B1490D00E39B8E /* AAAAReadMe */,
				1CAFF6DB22B134F600A0AAEF /* APUEMac */,
				1CAFF6EF22B135BD00A0AAEF /* FileAPI */,
				1C88676C22B146D000E39B8E /* FileAPIStd */,
				1CAFF6DA22B134F600A0AAEF /* Products */,
			);
			sourceTree = "<group>";
		};
		1CAFF6DA22B134F600A0AAEF /* Products */ = {
			isa = PBXGroup;
			children = (
				1CAFF6D922B134F600A0AAEF /* APUEMac */,
				1CAFF6E722B1359800A0AAEF /* Write */,
				1CAFF6F422B135DF00A0AAEF /* Read */,
				1C88671822B1459E00E39B8E /* Stat */,
				1C88672322B145BF00E39B8E /* Open */,
				1C88673922B1465600E39B8E /* Iotcl */,
				1C88674422B1467700E39B8E /* Fopen */,
				1C88674F22B1468D00E39B8E /* CopySlow */,
				1C88675A22B1469700E39B8E /* Copy */,
				1C88676522B146A100E39B8E /* Close */,
				1C88677122B1490D00E39B8E /* AAAAReadMe */,
				1C952D7222B209D10072DAE1 /* MultiThreadCounter */,
				1C952D7D22B20EC60072DAE1 /* DeadLock */,
				1CE4804C22B29AF000F0688E /* CopyStd */,
				1CF36A2022B52F19004BF16B /* ErgodicDir */,
				1CF36A2B22B541D9004BF16B /* ErgodicDirImpru */,
				1CF36A3622B549DB004BF16B /* Mmapmini */,
			);
			name = Products;
			sourceTree = "<group>";
		};
		1CAFF6DB22B134F600A0AAEF /* APUEMac */ = {
			isa = PBXGroup;
			children = (
				1CAFF6DC22B134F600A0AAEF /* main.c */,
			);
			path = APUEMac;
			sourceTree = "<group>";
		};
		1CAFF6E822B1359800A0AAEF /* Write */ = {
			isa = PBXGroup;
			children = (
				1CAFF6E922B1359800A0AAEF /* main.c */,
			);
			path = Write;
			sourceTree = "<group>";
		};
		1CAFF6EF22B135BD00A0AAEF /* FileAPI */ = {
			isa = PBXGroup;
			children = (
				1C88675022B1468D00E39B8E /* CopySlow */,
				1C88675B22B1469700E39B8E /* Copy */,
				1C88676622B146A100E39B8E /* Close */,
				1C88673A22B1465600E39B8E /* Iotcl */,
				1C88672422B145BF00E39B8E /* Open */,
				1C88671922B1459E00E39B8E /* Stat */,
				1CAFF6F522B135DF00A0AAEF /* Read */,
				1CAFF6E822B1359800A0AAEF /* Write */,
			);
			path = FileAPI;
			sourceTree = "<group>";
		};
		1CAFF6F522B135DF00A0AAEF /* Read */ = {
			isa = PBXGroup;
			children = (
				1CAFF6F622B135DF00A0AAEF /* main.c */,
			);
			path = Read;
			sourceTree = "<group>";
		};
		1CE4804D22B29AF000F0688E /* CopyStd */ = {
			isa = PBXGroup;
			children = (
				1CE4804E22B29AF000F0688E /* main.c */,
			);
			path = CopyStd;
			sourceTree = "<group>";
		};
		1CF36A2122B52F19004BF16B /* ErgodicDir */ = {
			isa = PBXGroup;
			children = (
				1CF36A2222B52F19004BF16B /* main.c */,
			);
			path = ErgodicDir;
			sourceTree = "<group>";
		};
		1CF36A2C22B541D9004BF16B /* ErgodicDirImpru */ = {
			isa = PBXGroup;
			children = (
				1CF36A2D22B541D9004BF16B /* main.c */,
			);
			path = ErgodicDirImpru;
			sourceTree = "<group>";
		};
		1CF36A3722B549DB004BF16B /* Mmapmini */ = {
			isa = PBXGroup;
			children = (
				1CF36A3822B549DB004BF16B /* main.c */,
			);
			path = Mmapmini;
			sourceTree = "<group>";
		};
/* End PBXGroup section */

/* Begin PBXNativeTarget section */
		1C88671722B1459E00E39B8E /* Stat */ = {
			isa = PBXNativeTarget;
			buildConfigurationList = 1C88671E22B1459E00E39B8E /* Build configuration list for PBXNativeTarget "Stat" */;
			buildPhases = (
				1C88671422B1459E00E39B8E /* Sources */,
				1C88671522B1459E00E39B8E /* Frameworks */,
				1C88671622B1459E00E39B8E /* CopyFiles */,
			);
			buildRules = (
			);
			dependencies = (
			);
			name = Stat;
			productName = Stat;
			productReference = 1C88671822B1459E00E39B8E /* Stat */;
			productType = "com.apple.product-type.tool";
		};
		1C88672222B145BF00E39B8E /* Open */ = {
			isa = PBXNativeTarget;
			buildConfigurationList = 1C88672722B145BF00E39B8E /* Build configuration list for PBXNativeTarget "Open" */;
			buildPhases = (
				1C88671F22B145BF00E39B8E /* Sources */,
				1C88672022B145BF00E39B8E /* Frameworks */,
				1C88672122B145BF00E39B8E /* CopyFiles */,
			);
			buildRules = (
			);
			dependencies = (
			);
			name = Open;
			productName = Open;
			productReference = 1C88672322B145BF00E39B8E /* Open */;
			productType = "com.apple.product-type.tool";
		};
		1C88673822B1465600E39B8E /* Iotcl */ = {
			isa = PBXNativeTarget;
			buildConfigurationList = 1C88673D22B1465600E39B8E /* Build configuration list for PBXNativeTarget "Iotcl" */;
			buildPhases = (
				1C88673522B1465600E39B8E /* Sources */,
				1C88673622B1465600E39B8E /* Frameworks */,
				1C88673722B1465600E39B8E /* CopyFiles */,
			);
			buildRules = (
			);
			dependencies = (
			);
			name = Iotcl;
			productName = Iotcl;
			productReference = 1C88673922B1465600E39B8E /* Iotcl */;
			productType = "com.apple.product-type.tool";
		};
		1C88674322B1467700E39B8E /* Fopen */ = {
			isa = PBXNativeTarget;
			buildConfigurationList = 1C88674822B1467700E39B8E /* Build configuration list for PBXNativeTarget "Fopen" */;
			buildPhases = (
				1C88674022B1467700E39B8E /* Sources */,
				1C88674122B1467700E39B8E /* Frameworks */,
				1C88674222B1467700E39B8E /* CopyFiles */,
			);
			buildRules = (
			);
			dependencies = (
			);
			name = Fopen;
			productName = Fopen;
			productReference = 1C88674422B1467700E39B8E /* Fopen */;
			productType = "com.apple.product-type.tool";
		};
		1C88674E22B1468C00E39B8E /* CopySlow */ = {
			isa = PBXNativeTarget;
			buildConfigurationList = 1C88675322B1468D00E39B8E /* Build configuration list for PBXNativeTarget "CopySlow" */;
			buildPhases = (
				1C88674B22B1468C00E39B8E /* Sources */,
				1C88674C22B1468C00E39B8E /* Frameworks */,
				1C88674D22B1468C00E39B8E /* CopyFiles */,
			);
			buildRules = (
			);
			dependencies = (
			);
			name = CopySlow;
			productName = CopySlow;
			productReference = 1C88674F22B1468D00E39B8E /* CopySlow */;
			productType = "com.apple.product-type.tool";
		};
		1C88675922B1469700E39B8E /* Copy */ = {
			isa = PBXNativeTarget;
			buildConfigurationList = 1C88675E22B1469700E39B8E /* Build configuration list for PBXNativeTarget "Copy" */;
			buildPhases = (
				1C88675622B1469700E39B8E /* Sources */,
				1C88675722B1469700E39B8E /* Frameworks */,
				1C88675822B1469700E39B8E /* CopyFiles */,
			);
			buildRules = (
			);
			dependencies = (
			);
			name = Copy;
			productName = Copy;
			productReference = 1C88675A22B1469700E39B8E /* Copy */;
			productType = "com.apple.product-type.tool";
		};
		1C88676422B146A100E39B8E /* Close */ = {
			isa = PBXNativeTarget;
			buildConfigurationList = 1C88676922B146A100E39B8E /* Build configuration list for PBXNativeTarget "Close" */;
			buildPhases = (
				1C88676122B146A100E39B8E /* Sources */,
				1C88676222B146A100E39B8E /* Frameworks */,
				1C88676322B146A100E39B8E /* CopyFiles */,
			);
			buildRules = (
			);
			dependencies = (
			);
			name = Close;
			productName = Close;
			productReference = 1C88676522B146A100E39B8E /* Close */;
			productType = "com.apple.product-type.tool";
		};
		1C88677022B1490D00E39B8E /* AAAAReadMe */ = {
			isa = PBXNativeTarget;
			buildConfigurationList = 1C88677522B1490D00E39B8E /* Build configuration list for PBXNativeTarget "AAAAReadMe" */;
			buildPhases = (
				1C88676D22B1490D00E39B8E /* Sources */,
				1C88676E22B1490D00E39B8E /* Frameworks */,
				1C88676F22B1490D00E39B8E /* CopyFiles */,
			);
			buildRules = (
			);
			dependencies = (
			);
			name = AAAAReadMe;
			productName = AAAAReadMe;
			productReference = 1C88677122B1490D00E39B8E /* AAAAReadMe */;
			productType = "com.apple.product-type.tool";
		};
		1C952D7122B209D10072DAE1 /* MultiThreadCounter */ = {
			isa = PBXNativeTarget;
			buildConfigurationList = 1C952D7622B209D10072DAE1 /* Build configuration list for PBXNativeTarget "MultiThreadCounter" */;
			buildPhases = (
				1C952D6E22B209D10072DAE1 /* Sources */,
				1C952D6F22B209D10072DAE1 /* Frameworks */,
				1C952D7022B209D10072DAE1 /* CopyFiles */,
			);
			buildRules = (
			);
			dependencies = (
			);
			name = MultiThreadCounter;
			productName = MultiThreadCounter;
			productReference = 1C952D7222B209D10072DAE1 /* MultiThreadCounter */;
			productType = "com.apple.product-type.tool";
		};
		1C952D7C22B20EC60072DAE1 /* DeadLock */ = {
			isa = PBXNativeTarget;
			buildConfigurationList = 1C952D8122B20EC60072DAE1 /* Build configuration list for PBXNativeTarget "DeadLock" */;
			buildPhases = (
				1C952D7922B20EC60072DAE1 /* Sources */,
				1C952D7A22B20EC60072DAE1 /* Frameworks */,
				1C952D7B22B20EC60072DAE1 /* CopyFiles */,
			);
			buildRules = (
			);
			dependencies = (
			);
			name = DeadLock;
			productName = DeadLock;
			productReference = 1C952D7D22B20EC60072DAE1 /* DeadLock */;
			productType = "com.apple.product-type.tool";
		};
		1CAFF6D822B134F600A0AAEF /* APUEMac */ = {
			isa = PBXNativeTarget;
			buildConfigurationList = 1CAFF6E022B134F600A0AAEF /* Build configuration list for PBXNativeTarget "APUEMac" */;
			buildPhases = (
				1CAFF6D522B134F600A0AAEF /* Sources */,
				1CAFF6D622B134F600A0AAEF /* Frameworks */,
				1CAFF6D722B134F600A0AAEF /* CopyFiles */,
			);
			buildRules = (
			);
			dependencies = (
			);
			name = APUEMac;
			productName = APUEMac;
			productReference = 1CAFF6D922B134F600A0AAEF /* APUEMac */;
			productType = "com.apple.product-type.tool";
		};
		1CAFF6E622B1359800A0AAEF /* Write */ = {
			isa = PBXNativeTarget;
			buildConfigurationList = 1CAFF6EB22B1359800A0AAEF /* Build configuration list for PBXNativeTarget "Write" */;
			buildPhases = (
				1CAFF6E322B1359800A0AAEF /* Sources */,
				1CAFF6E422B1359800A0AAEF /* Frameworks */,
				1CAFF6E522B1359800A0AAEF /* CopyFiles */,
			);
			buildRules = (
			);
			dependencies = (
			);
			name = Write;
			productName = Write;
			productReference = 1CAFF6E722B1359800A0AAEF /* Write */;
			productType = "com.apple.product-type.tool";
		};
		1CAFF6F322B135DF00A0AAEF /* Read */ = {
			isa = PBXNativeTarget;
			buildConfigurationList = 1CAFF6F822B135DF00A0AAEF /* Build configuration list for PBXNativeTarget "Read" */;
			buildPhases = (
				1CAFF6F022B135DF00A0AAEF /* Sources */,
				1CAFF6F122B135DF00A0AAEF /* Frameworks */,
				1CAFF6F222B135DF00A0AAEF /* CopyFiles */,
			);
			buildRules = (
			);
			dependencies = (
			);
			name = Read;
			productName = Read;
			productReference = 1CAFF6F422B135DF00A0AAEF /* Read */;
			productType = "com.apple.product-type.tool";
		};
		1CE4804B22B29AF000F0688E /* CopyStd */ = {
			isa = PBXNativeTarget;
			buildConfigurationList = 1CE4805222B29AF000F0688E /* Build configuration list for PBXNativeTarget "CopyStd" */;
			buildPhases = (
				1CE4804822B29AF000F0688E /* Sources */,
				1CE4804922B29AF000F0688E /* Frameworks */,
				1CE4804A22B29AF000F0688E /* CopyFiles */,
			);
			buildRules = (
			);
			dependencies = (
			);
			name = CopyStd;
			productName = CopyStd;
			productReference = 1CE4804C22B29AF000F0688E /* CopyStd */;
			productType = "com.apple.product-type.tool";
		};
		1CF36A1F22B52F19004BF16B /* ErgodicDir */ = {
			isa = PBXNativeTarget;
			buildConfigurationList = 1CF36A2622B52F19004BF16B /* Build configuration list for PBXNativeTarget "ErgodicDir" */;
			buildPhases = (
				1CF36A1C22B52F19004BF16B /* Sources */,
				1CF36A1D22B52F19004BF16B /* Frameworks */,
				1CF36A1E22B52F19004BF16B /* CopyFiles */,
			);
			buildRules = (
			);
			dependencies = (
			);
			name = ErgodicDir;
			productName = ErgodicDir;
			productReference = 1CF36A2022B52F19004BF16B /* ErgodicDir */;
			productType = "com.apple.product-type.tool";
		};
		1CF36A2A22B541D9004BF16B /* ErgodicDirImpru */ = {
			isa = PBXNativeTarget;
			buildConfigurationList = 1CF36A2F22B541D9004BF16B /* Build configuration list for PBXNativeTarget "ErgodicDirImpru" */;
			buildPhases = (
				1CF36A2722B541D9004BF16B /* Sources */,
				1CF36A2822B541D9004BF16B /* Frameworks */,
				1CF36A2922B541D9004BF16B /* CopyFiles */,
			);
			buildRules = (
			);
			dependencies = (
			);
			name = ErgodicDirImpru;
			productName = ErgodicDirImpru;
			productReference = 1CF36A2B22B541D9004BF16B /* ErgodicDirImpru */;
			productType = "com.apple.product-type.tool";
		};
		1CF36A3522B549DB004BF16B /* Mmapmini */ = {
			isa = PBXNativeTarget;
			buildConfigurationList = 1CF36A3A22B549DB004BF16B /* Build configuration list for PBXNativeTarget "Mmapmini" */;
			buildPhases = (
				1CF36A3222B549DB004BF16B /* Sources */,
				1CF36A3322B549DB004BF16B /* Frameworks */,
				1CF36A3422B549DB004BF16B /* CopyFiles */,
			);
			buildRules = (
			);
			dependencies = (
			);
			name = Mmapmini;
			productName = Mmapmini;
			productReference = 1CF36A3622B549DB004BF16B /* Mmapmini */;
			productType = "com.apple.product-type.tool";
		};
/* End PBXNativeTarget section */

/* Begin PBXProject section */
		1CAFF6D122B134F600A0AAEF /* Project object */ = {
			isa = PBXProject;
			attributes = {
				LastUpgradeCheck = 1020;
				ORGANIZATIONNAME = "杨俊艺";
				TargetAttributes = {
					1C88671722B1459E00E39B8E = {
						CreatedOnToolsVersion = 10.2.1;
					};
					1C88672222B145BF00E39B8E = {
						CreatedOnToolsVersion = 10.2.1;
					};
					1C88673822B1465600E39B8E = {
						CreatedOnToolsVersion = 10.2.1;
					};
					1C88674322B1467700E39B8E = {
						CreatedOnToolsVersion = 10.2.1;
					};
					1C88674E22B1468C00E39B8E = {
						CreatedOnToolsVersion = 10.2.1;
					};
					1C88675922B1469700E39B8E = {
						CreatedOnToolsVersion = 10.2.1;
					};
					1C88676422B146A100E39B8E = {
						CreatedOnToolsVersion = 10.2.1;
					};
					1C88677022B1490D00E39B8E = {
						CreatedOnToolsVersion = 10.2.1;
					};
					1C952D7122B209D10072DAE1 = {
						CreatedOnToolsVersion = 10.2.1;
					};
					1C952D7C22B20EC60072DAE1 = {
						CreatedOnToolsVersion = 10.2.1;
					};
					1CAFF6D822B134F600A0AAEF = {
						CreatedOnToolsVersion = 10.2.1;
					};
					1CAFF6E622B1359800A0AAEF = {
						CreatedOnToolsVersion = 10.2.1;
					};
					1CAFF6F322B135DF00A0AAEF = {
						CreatedOnToolsVersion = 10.2.1;
					};
					1CE4804B22B29AF000F0688E = {
						CreatedOnToolsVersion = 10.2.1;
					};
					1CF36A1F22B52F19004BF16B = {
						CreatedOnToolsVersion = 10.2.1;
					};
					1CF36A2A22B541D9004BF16B = {
						CreatedOnToolsVersion = 10.2.1;
					};
					1CF36A3522B549DB004BF16B = {
						CreatedOnToolsVersion = 10.2.1;
					};
				};
			};
			buildConfigurationList = 1CAFF6D422B134F600A0AAEF /* Build configuration list for PBXProject "APUEMac" */;
			compatibilityVersion = "Xcode 9.3";
			developmentRegion = en;
			hasScannedForEncodings = 0;
			knownRegions = (
				en,
			);
			mainGroup = 1CAFF6D022B134F600A0AAEF;
			productRefGroup = 1CAFF6DA22B134F600A0AAEF /* Products */;
			projectDirPath = "";
			projectRoot = "";
			targets = (
				1CAFF6D822B134F600A0AAEF /* APUEMac */,
				1CAFF6E622B1359800A0AAEF /* Write */,
				1CAFF6F322B135DF00A0AAEF /* Read */,
				1C88671722B1459E00E39B8E /* Stat */,
				1C88672222B145BF00E39B8E /* Open */,
				1C88673822B1465600E39B8E /* Iotcl */,
				1C88674322B1467700E39B8E /* Fopen */,
				1C88674E22B1468C00E39B8E /* CopySlow */,
				1C88675922B1469700E39B8E /* Copy */,
				1C88676422B146A100E39B8E /* Close */,
				1C88677022B1490D00E39B8E /* AAAAReadMe */,
				1C952D7122B209D10072DAE1 /* MultiThreadCounter */,
				1C952D7C22B20EC60072DAE1 /* DeadLock */,
				1CE4804B22B29AF000F0688E /* CopyStd */,
				1CF36A1F22B52F19004BF16B /* ErgodicDir */,
				1CF36A2A22B541D9004BF16B /* ErgodicDirImpru */,
				1CF36A3522B549DB004BF16B /* Mmapmini */,
			);
		};
/* End PBXProject section */

/* Begin PBXSourcesBuildPhase section */
		1C88671422B1459E00E39B8E /* Sources */ = {
			isa = PBXSourcesBuildPhase;
			buildActionMask = 2147483647;
			files = (
				1C88671B22B1459E00E39B8E /* main.c in Sources */,
			);
			runOnlyForDeploymentPostprocessing = 0;
		};
		1C88671F22B145BF00E39B8E /* Sources */ = {
			isa = PBXSourcesBuildPhase;
			buildActionMask = 2147483647;
			files = (
				1C88672622B145BF00E39B8E /* main.c in Sources */,
			);
			runOnlyForDeploymentPostprocessing = 0;
		};
		1C88673522B1465600E39B8E /* Sources */ = {
			isa = PBXSourcesBuildPhase;
			buildActionMask = 2147483647;
			files = (
				1C88673C22B1465600E39B8E /* main.c in Sources */,
			);
			runOnlyForDeploymentPostprocessing = 0;
		};
		1C88674022B1467700E39B8E /* Sources */ = {
			isa = PBXSourcesBuildPhase;
			buildActionMask = 2147483647;
			files = (
				1C88674722B1467700E39B8E /* main.c in Sources */,
			);
			runOnlyForDeploymentPostprocessing = 0;
		};
		1C88674B22B1468C00E39B8E /* Sources */ = {
			isa = PBXSourcesBuildPhase;
			buildActionMask = 2147483647;
			files = (
				1C88675222B1468D00E39B8E /* main.c in Sources */,
			);
			runOnlyForDeploymentPostprocessing = 0;
		};
		1C88675622B1469700E39B8E /* Sources */ = {
			isa = PBXSourcesBuildPhase;
			buildActionMask = 2147483647;
			files = (
				1C88675D22B1469700E39B8E /* main.c in Sources */,
			);
			runOnlyForDeploymentPostprocessing = 0;
		};
		1C88676122B146A100E39B8E /* Sources */ = {
			isa = PBXSourcesBuildPhase;
			buildActionMask = 2147483647;
			files = (
				1C88676822B146A100E39B8E /* main.c in Sources */,
			);
			runOnlyForDeploymentPostprocessing = 0;
		};
		1C88676D22B1490D00E39B8E /* Sources */ = {
			isa = PBXSourcesBuildPhase;
			buildActionMask = 2147483647;
			files = (
				1C88677422B1490D00E39B8E /* main.c in Sources */,
			);
			runOnlyForDeploymentPostprocessing = 0;
		};
		1C952D6E22B209D10072DAE1 /* Sources */ = {
			isa = PBXSourcesBuildPhase;
			buildActionMask = 2147483647;
			files = (
				1C952D7522B209D10072DAE1 /* main.c in Sources */,
			);
			runOnlyForDeploymentPostprocessing = 0;
		};
		1C952D7922B20EC60072DAE1 /* Sources */ = {
			isa = PBXSourcesBuildPhase;
			buildActionMask = 2147483647;
			files = (
				1C952D8022B20EC60072DAE1 /* main.c in Sources */,
			);
			runOnlyForDeploymentPostprocessing = 0;
		};
		1CAFF6D522B134F600A0AAEF /* Sources */ = {
			isa = PBXSourcesBuildPhase;
			buildActionMask = 2147483647;
			files = (
				1CAFF6DD22B134F600A0AAEF /* main.c in Sources */,
			);
			runOnlyForDeploymentPostprocessing = 0;
		};
		1CAFF6E322B1359800A0AAEF /* Sources */ = {
			isa = PBXSourcesBuildPhase;
			buildActionMask = 2147483647;
			files = (
				1CAFF6EA22B1359800A0AAEF /* main.c in Sources */,
			);
			runOnlyForDeploymentPostprocessing = 0;
		};
		1CAFF6F022B135DF00A0AAEF /* Sources */ = {
			isa = PBXSourcesBuildPhase;
			buildActionMask = 2147483647;
			files = (
				1CAFF6F722B135DF00A0AAEF /* main.c in Sources */,
			);
			runOnlyForDeploymentPostprocessing = 0;
		};
		1CE4804822B29AF000F0688E /* Sources */ = {
			isa = PBXSourcesBuildPhase;
			buildActionMask = 2147483647;
			files = (
				1CE4804F22B29AF000F0688E /* main.c in Sources */,
			);
			runOnlyForDeploymentPostprocessing = 0;
		};
		1CF36A1C22B52F19004BF16B /* Sources */ = {
			isa = PBXSourcesBuildPhase;
			buildActionMask = 2147483647;
			files = (
				1CF36A2322B52F19004BF16B /* main.c in Sources */,
			);
			runOnlyForDeploymentPostprocessing = 0;
		};
		1CF36A2722B541D9004BF16B /* Sources */ = {
			isa = PBXSourcesBuildPhase;
			buildActionMask = 2147483647;
			files = (
				1CF36A2E22B541D9004BF16B /* main.c in Sources */,
			);
			runOnlyForDeploymentPostprocessing = 0;
		};
		1CF36A3222B549DB004BF16B /* Sources */ = {
			isa = PBXSourcesBuildPhase;
			buildActionMask = 2147483647;
			files = (
				1CF36A3922B549DB004BF16B /* main.c in Sources */,
			);
			runOnlyForDeploymentPostprocessing = 0;
		};
/* End PBXSourcesBuildPhase section */

/* Begin XCBuildConfiguration section */
		1C88671C22B1459E00E39B8E /* Debug */ = {
			isa = XCBuildConfiguration;
			buildSettings = {
				CODE_SIGN_STYLE = Automatic;
				DEVELOPMENT_TEAM = PGN5857P43;
				PRODUCT_NAME = "$(TARGET_NAME)";
			};
			name = Debug;
		};
		1C88671D22B1459E00E39B8E /* Release */ = {
			isa = XCBuildConfiguration;
			buildSettings = {
				CODE_SIGN_STYLE = Automatic;
				DEVELOPMENT_TEAM = PGN5857P43;
				PRODUCT_NAME = "$(TARGET_NAME)";
			};
			name = Release;
		};
		1C88672822B145BF00E39B8E /* Debug */ = {
			isa = XCBuildConfiguration;
			buildSettings = {
				CODE_SIGN_STYLE = Automatic;
				DEVELOPMENT_TEAM = PGN5857P43;
				PRODUCT_NAME = "$(TARGET_NAME)";
			};
			name = Debug;
		};
		1C88672922B145BF00E39B8E /* Release */ = {
			isa = XCBuildConfiguration;
			buildSettings = {
				CODE_SIGN_STYLE = Automatic;
				DEVELOPMENT_TEAM = PGN5857P43;
				PRODUCT_NAME = "$(TARGET_NAME)";
			};
			name = Release;
		};
		1C88673E22B1465600E39B8E /* Debug */ = {
			isa = XCBuildConfiguration;
			buildSettings = {
				CODE_SIGN_STYLE = Automatic;
				DEVELOPMENT_TEAM = PGN5857P43;
				PRODUCT_NAME = "$(TARGET_NAME)";
			};
			name = Debug;
		};
		1C88673F22B1465600E39B8E /* Release */ = {
			isa = XCBuildConfiguration;
			buildSettings = {
				CODE_SIGN_STYLE = Automatic;
				DEVELOPMENT_TEAM = PGN5857P43;
				PRODUCT_NAME = "$(TARGET_NAME)";
			};
			name = Release;
		};
		1C88674922B1467700E39B8E /* Debug */ = {
			isa = XCBuildConfiguration;
			buildSettings = {
				CODE_SIGN_STYLE = Automatic;
				DEVELOPMENT_TEAM = PGN5857P43;
				PRODUCT_NAME = "$(TARGET_NAME)";
			};
			name = Debug;
		};
		1C88674A22B1467700E39B8E /* Release */ = {
			isa = XCBuildConfiguration;
			buildSettings = {
				CODE_SIGN_STYLE = Automatic;
				DEVELOPMENT_TEAM = PGN5857P43;
				PRODUCT_NAME = "$(TARGET_NAME)";
			};
			name = Release;
		};
		1C88675422B1468D00E39B8E /* Debug */ = {
			isa = XCBuildConfiguration;
			buildSettings = {
				CODE_SIGN_STYLE = Automatic;
				DEVELOPMENT_TEAM = PGN5857P43;
				PRODUCT_NAME = "$(TARGET_NAME)";
			};
			name = Debug;
		};
		1C88675522B1468D00E39B8E /* Release */ = {
			isa = XCBuildConfiguration;
			buildSettings = {
				CODE_SIGN_STYLE = Automatic;
				DEVELOPMENT_TEAM = PGN5857P43;
				PRODUCT_NAME = "$(TARGET_NAME)";
			};
			name = Release;
		};
		1C88675F22B1469700E39B8E /* Debug */ = {
			isa = XCBuildConfiguration;
			buildSettings = {
				CODE_SIGN_STYLE = Automatic;
				DEVELOPMENT_TEAM = PGN5857P43;
				PRODUCT_NAME = "$(TARGET_NAME)";
			};
			name = Debug;
		};
		1C88676022B1469700E39B8E /* Release */ = {
			isa = XCBuildConfiguration;
			buildSettings = {
				CODE_SIGN_STYLE = Automatic;
				DEVELOPMENT_TEAM = PGN5857P43;
				PRODUCT_NAME = "$(TARGET_NAME)";
			};
			name = Release;
		};
		1C88676A22B146A100E39B8E /* Debug */ = {
			isa = XCBuildConfiguration;
			buildSettings = {
				CODE_SIGN_STYLE = Automatic;
				DEVELOPMENT_TEAM = PGN5857P43;
				PRODUCT_NAME = "$(TARGET_NAME)";
			};
			name = Debug;
		};
		1C88676B22B146A100E39B8E /* Release */ = {
			isa = XCBuildConfiguration;
			buildSettings = {
				CODE_SIGN_STYLE = Automatic;
				DEVELOPMENT_TEAM = PGN5857P43;
				PRODUCT_NAME = "$(TARGET_NAME)";
			};
			name = Release;
		};
		1C88677622B1490D00E39B8E /* Debug */ = {
			isa = XCBuildConfiguration;
			buildSettings = {
				CODE_SIGN_STYLE = Automatic;
				DEVELOPMENT_TEAM = PGN5857P43;
				PRODUCT_NAME = "$(TARGET_NAME)";
			};
			name = Debug;
		};
		1C88677722B1490D00E39B8E /* Release */ = {
			isa = XCBuildConfiguration;
			buildSettings = {
				CODE_SIGN_STYLE = Automatic;
				DEVELOPMENT_TEAM = PGN5857P43;
				PRODUCT_NAME = "$(TARGET_NAME)";
			};
			name = Release;
		};
		1C952D7722B209D10072DAE1 /* Debug */ = {
			isa = XCBuildConfiguration;
			buildSettings = {
				CODE_SIGN_STYLE = Automatic;
				DEVELOPMENT_TEAM = PGN5857P43;
				PRODUCT_NAME = "$(TARGET_NAME)";
			};
			name = Debug;
		};
		1C952D7822B209D10072DAE1 /* Release */ = {
			isa = XCBuildConfiguration;
			buildSettings = {
				CODE_SIGN_STYLE = Automatic;
				DEVELOPMENT_TEAM = PGN5857P43;
				PRODUCT_NAME = "$(TARGET_NAME)";
			};
			name = Release;
		};
		1C952D8222B20EC60072DAE1 /* Debug */ = {
			isa = XCBuildConfiguration;
			buildSettings = {
				CODE_SIGN_STYLE = Automatic;
				DEVELOPMENT_TEAM = PGN5857P43;
				PRODUCT_NAME = "$(TARGET_NAME)";
			};
			name = Debug;
		};
		1C952D8322B20EC60072DAE1 /* Release */ = {
			isa = XCBuildConfiguration;
			buildSettings = {
				CODE_SIGN_STYLE = Automatic;
				DEVELOPMENT_TEAM = PGN5857P43;
				PRODUCT_NAME = "$(TARGET_NAME)";
			};
			name = Release;
		};
		1CAFF6DE22B134F600A0AAEF /* Debug */ = {
			isa = XCBuildConfiguration;
			buildSettings = {
				ALWAYS_SEARCH_USER_PATHS = NO;
				CLANG_ANALYZER_NONNULL = YES;
				CLANG_ANALYZER_NUMBER_OBJECT_CONVERSION = YES_AGGRESSIVE;
				CLANG_CXX_LANGUAGE_STANDARD = "gnu++14";
				CLANG_CXX_LIBRARY = "libc++";
				CLANG_ENABLE_MODULES = YES;
				CLANG_ENABLE_OBJC_ARC = YES;
				CLANG_ENABLE_OBJC_WEAK = YES;
				CLANG_WARN_BLOCK_CAPTURE_AUTORELEASING = YES;
				CLANG_WARN_BOOL_CONVERSION = YES;
				CLANG_WARN_COMMA = YES;
				CLANG_WARN_CONSTANT_CONVERSION = YES;
				CLANG_WARN_DEPRECATED_OBJC_IMPLEMENTATIONS = YES;
				CLANG_WARN_DIRECT_OBJC_ISA_USAGE = YES_ERROR;
				CLANG_WARN_DOCUMENTATION_COMMENTS = YES;
				CLANG_WARN_EMPTY_BODY = YES;
				CLANG_WARN_ENUM_CONVERSION = YES;
				CLANG_WARN_INFINITE_RECURSION = YES;
				CLANG_WARN_INT_CONVERSION = YES;
				CLANG_WARN_NON_LITERAL_NULL_CONVERSION = YES;
				CLANG_WARN_OBJC_IMPLICIT_RETAIN_SELF = YES;
				CLANG_WARN_OBJC_LITERAL_CONVERSION = YES;
				CLANG_WARN_OBJC_ROOT_CLASS = YES_ERROR;
				CLANG_WARN_RANGE_LOOP_ANALYSIS = YES;
				CLANG_WARN_STRICT_PROTOTYPES = YES;
				CLANG_WARN_SUSPICIOUS_MOVE = YES;
				CLANG_WARN_UNGUARDED_AVAILABILITY = YES_AGGRESSIVE;
				CLANG_WARN_UNREACHABLE_CODE = YES;
				CLANG_WARN__DUPLICATE_METHOD_MATCH = YES;
				CODE_SIGN_IDENTITY = "Mac Developer";
				COPY_PHASE_STRIP = NO;
				DEBUG_INFORMATION_FORMAT = dwarf;
				ENABLE_STRICT_OBJC_MSGSEND = YES;
				ENABLE_TESTABILITY = YES;
				GCC_C_LANGUAGE_STANDARD = gnu11;
				GCC_DYNAMIC_NO_PIC = NO;
				GCC_NO_COMMON_BLOCKS = YES;
				GCC_OPTIMIZATION_LEVEL = 0;
				GCC_PREPROCESSOR_DEFINITIONS = (
					"DEBUG=1",
					"$(inherited)",
				);
				GCC_WARN_64_TO_32_BIT_CONVERSION = YES;
				GCC_WARN_ABOUT_RETURN_TYPE = YES_ERROR;
				GCC_WARN_UNDECLARED_SELECTOR = YES;
				GCC_WARN_UNINITIALIZED_AUTOS = YES_AGGRESSIVE;
				GCC_WARN_UNUSED_FUNCTION = YES;
				GCC_WARN_UNUSED_VARIABLE = YES;
				MACOSX_DEPLOYMENT_TARGET = 10.14;
				MTL_ENABLE_DEBUG_INFO = INCLUDE_SOURCE;
				MTL_FAST_MATH = YES;
				ONLY_ACTIVE_ARCH = YES;
				SDKROOT = macosx;
			};
			name = Debug;
		};
		1CAFF6DF22B134F600A0AAEF /* Release */ = {
			isa = XCBuildConfiguration;
			buildSettings = {
				ALWAYS_SEARCH_USER_PATHS = NO;
				CLANG_ANALYZER_NONNULL = YES;
				CLANG_ANALYZER_NUMBER_OBJECT_CONVERSION = YES_AGGRESSIVE;
				CLANG_CXX_LANGUAGE_STANDARD = "gnu++14";
				CLANG_CXX_LIBRARY = "libc++";
				CLANG_ENABLE_MODULES = YES;
				CLANG_ENABLE_OBJC_ARC = YES;
				CLANG_ENABLE_OBJC_WEAK = YES;
				CLANG_WARN_BLOCK_CAPTURE_AUTORELEASING = YES;
				CLANG_WARN_BOOL_CONVERSION = YES;
				CLANG_WARN_COMMA = YES;
				CLANG_WARN_CONSTANT_CONVERSION = YES;
				CLANG_WARN_DEPRECATED_OBJC_IMPLEMENTATIONS = YES;
				CLANG_WARN_DIRECT_OBJC_ISA_USAGE = YES_ERROR;
				CLANG_WARN_DOCUMENTATION_COMMENTS = YES;
				CLANG_WARN_EMPTY_BODY = YES;
				CLANG_WARN_ENUM_CONVERSION = YES;
				CLANG_WARN_INFINITE_RECURSION = YES;
				CLANG_WARN_INT_CONVERSION = YES;
				CLANG_WARN_NON_LITERAL_NULL_CONVERSION = YES;
				CLANG_WARN_OBJC_IMPLICIT_RETAIN_SELF = YES;
				CLANG_WARN_OBJC_LITERAL_CONVERSION = YES;
				CLANG_WARN_OBJC_ROOT_CLASS = YES_ERROR;
				CLANG_WARN_RANGE_LOOP_ANALYSIS = YES;
				CLANG_WARN_STRICT_PROTOTYPES = YES;
				CLANG_WARN_SUSPICIOUS_MOVE = YES;
				CLANG_WARN_UNGUARDED_AVAILABILITY = YES_AGGRESSIVE;
				CLANG_WARN_UNREACHABLE_CODE = YES;
				CLANG_WARN__DUPLICATE_METHOD_MATCH = YES;
				CODE_SIGN_IDENTITY = "Mac Developer";
				COPY_PHASE_STRIP = NO;
				DEBUG_INFORMATION_FORMAT = "dwarf-with-dsym";
				ENABLE_NS_ASSERTIONS = NO;
				ENABLE_STRICT_OBJC_MSGSEND = YES;
				GCC_C_LANGUAGE_STANDARD = gnu11;
				GCC_NO_COMMON_BLOCKS = YES;
				GCC_WARN_64_TO_32_BIT_CONVERSION = YES;
				GCC_WARN_ABOUT_RETURN_TYPE = YES_ERROR;
				GCC_WARN_UNDECLARED_SELECTOR = YES;
				GCC_WARN_UNINITIALIZED_AUTOS = YES_AGGRESSIVE;
				GCC_WARN_UNUSED_FUNCTION = YES;
				GCC_WARN_UNUSED_VARIABLE = YES;
				MACOSX_DEPLOYMENT_TARGET = 10.14;
				MTL_ENABLE_DEBUG_INFO = NO;
				MTL_FAST_MATH = YES;
				SDKROOT = macosx;
			};
			name = Release;
		};
		1CAFF6E122B134F600A0AAEF /* Debug */ = {
			isa = XCBuildConfiguration;
			buildSettings = {
				CODE_SIGN_STYLE = Automatic;
				DEVELOPMENT_TEAM = PGN5857P43;
				PRODUCT_NAME = "$(TARGET_NAME)";
			};
			name = Debug;
		};
		1CAFF6E222B134F600A0AAEF /* Release */ = {
			isa = XCBuildConfiguration;
			buildSettings = {
				CODE_SIGN_STYLE = Automatic;
				DEVELOPMENT_TEAM = PGN5857P43;
				PRODUCT_NAME = "$(TARGET_NAME)";
			};
			name = Release;
		};
		1CAFF6EC22B1359800A0AAEF /* Debug */ = {
			isa = XCBuildConfiguration;
			buildSettings = {
				CODE_SIGN_STYLE = Automatic;
				DEVELOPMENT_TEAM = PGN5857P43;
				PRODUCT_NAME = "$(TARGET_NAME)";
			};
			name = Debug;
		};
		1CAFF6ED22B1359800A0AAEF /* Release */ = {
			isa = XCBuildConfiguration;
			buildSettings = {
				CODE_SIGN_STYLE = Automatic;
				DEVELOPMENT_TEAM = PGN5857P43;
				PRODUCT_NAME = "$(TARGET_NAME)";
			};
			name = Release;
		};
		1CAFF6F922B135DF00A0AAEF /* Debug */ = {
			isa = XCBuildConfiguration;
			buildSettings = {
				CODE_SIGN_STYLE = Automatic;
				DEVELOPMENT_TEAM = PGN5857P43;
				PRODUCT_NAME = "$(TARGET_NAME)";
			};
			name = Debug;
		};
		1CAFF6FA22B135DF00A0AAEF /* Release */ = {
			isa = XCBuildConfiguration;
			buildSettings = {
				CODE_SIGN_STYLE = Automatic;
				DEVELOPMENT_TEAM = PGN5857P43;
				PRODUCT_NAME = "$(TARGET_NAME)";
			};
			name = Release;
		};
		1CE4805022B29AF000F0688E /* Debug */ = {
			isa = XCBuildConfiguration;
			buildSettings = {
				CODE_SIGN_STYLE = Automatic;
				DEVELOPMENT_TEAM = PGN5857P43;
				PRODUCT_NAME = "$(TARGET_NAME)";
			};
			name = Debug;
		};
		1CE4805122B29AF000F0688E /* Release */ = {
			isa = XCBuildConfiguration;
			buildSettings = {
				CODE_SIGN_STYLE = Automatic;
				DEVELOPMENT_TEAM = PGN5857P43;
				PRODUCT_NAME = "$(TARGET_NAME)";
			};
			name = Release;
		};
		1CF36A2422B52F19004BF16B /* Debug */ = {
			isa = XCBuildConfiguration;
			buildSettings = {
				CODE_SIGN_STYLE = Automatic;
				DEVELOPMENT_TEAM = PGN5857P43;
				PRODUCT_NAME = "$(TARGET_NAME)";
			};
			name = Debug;
		};
		1CF36A2522B52F19004BF16B /* Release */ = {
			isa = XCBuildConfiguration;
			buildSettings = {
				CODE_SIGN_STYLE = Automatic;
				DEVELOPMENT_TEAM = PGN5857P43;
				PRODUCT_NAME = "$(TARGET_NAME)";
			};
			name = Release;
		};
		1CF36A3022B541D9004BF16B /* Debug */ = {
			isa = XCBuildConfiguration;
			buildSettings = {
				CODE_SIGN_STYLE = Automatic;
				DEVELOPMENT_TEAM = PGN5857P43;
				PRODUCT_NAME = "$(TARGET_NAME)";
			};
			name = Debug;
		};
		1CF36A3122B541D9004BF16B /* Release */ = {
			isa = XCBuildConfiguration;
			buildSettings = {
				CODE_SIGN_STYLE = Automatic;
				DEVELOPMENT_TEAM = PGN5857P43;
				PRODUCT_NAME = "$(TARGET_NAME)";
			};
			name = Release;
		};
		1CF36A3B22B549DB004BF16B /* Debug */ = {
			isa = XCBuildConfiguration;
			buildSettings = {
				CODE_SIGN_STYLE = Automatic;
				DEVELOPMENT_TEAM = PGN5857P43;
				PRODUCT_NAME = "$(TARGET_NAME)";
			};
			name = Debug;
		};
		1CF36A3C22B549DB004BF16B /* Release */ = {
			isa = XCBuildConfiguration;
			buildSettings = {
				CODE_SIGN_STYLE = Automatic;
				DEVELOPMENT_TEAM = PGN5857P43;
				PRODUCT_NAME = "$(TARGET_NAME)";
			};
			name = Release;
		};
/* End XCBuildConfiguration section */

/* Begin XCConfigurationList section */
		1C88671E22B1459E00E39B8E /* Build configuration list for PBXNativeTarget "Stat" */ = {
			isa = XCConfigurationList;
			buildConfigurations = (
				1C88671C22B1459E00E39B8E /* Debug */,
				1C88671D22B1459E00E39B8E /* Release */,
			);
			defaultConfigurationIsVisible = 0;
			defaultConfigurationName = Release;
		};
		1C88672722B145BF00E39B8E /* Build configuration list for PBXNativeTarget "Open" */ = {
			isa = XCConfigurationList;
			buildConfigurations = (
				1C88672822B145BF00E39B8E /* Debug */,
				1C88672922B145BF00E39B8E /* Release */,
			);
			defaultConfigurationIsVisible = 0;
			defaultConfigurationName = Release;
		};
		1C88673D22B1465600E39B8E /* Build configuration list for PBXNativeTarget "Iotcl" */ = {
			isa = XCConfigurationList;
			buildConfigurations = (
				1C88673E22B1465600E39B8E /* Debug */,
				1C88673F22B1465600E39B8E /* Release */,
			);
			defaultConfigurationIsVisible = 0;
			defaultConfigurationName = Release;
		};
		1C88674822B1467700E39B8E /* Build configuration list for PBXNativeTarget "Fopen" */ = {
			isa = XCConfigurationList;
			buildConfigurations = (
				1C88674922B1467700E39B8E /* Debug */,
				1C88674A22B1467700E39B8E /* Release */,
			);
			defaultConfigurationIsVisible = 0;
			defaultConfigurationName = Release;
		};
		1C88675322B1468D00E39B8E /* Build configuration list for PBXNativeTarget "CopySlow" */ = {
			isa = XCConfigurationList;
			buildConfigurations = (
				1C88675422B1468D00E39B8E /* Debug */,
				1C88675522B1468D00E39B8E /* Release */,
			);
			defaultConfigurationIsVisible = 0;
			defaultConfigurationName = Release;
		};
		1C88675E22B1469700E39B8E /* Build configuration list for PBXNativeTarget "Copy" */ = {
			isa = XCConfigurationList;
			buildConfigurations = (
				1C88675F22B1469700E39B8E /* Debug */,
				1C88676022B1469700E39B8E /* Release */,
			);
			defaultConfigurationIsVisible = 0;
			defaultConfigurationName = Release;
		};
		1C88676922B146A100E39B8E /* Build configuration list for PBXNativeTarget "Close" */ = {
			isa = XCConfigurationList;
			buildConfigurations = (
				1C88676A22B146A100E39B8E /* Debug */,
				1C88676B22B146A100E39B8E /* Release */,
			);
			defaultConfigurationIsVisible = 0;
			defaultConfigurationName = Release;
		};
		1C88677522B1490D00E39B8E /* Build configuration list for PBXNativeTarget "AAAAReadMe" */ = {
			isa = XCConfigurationList;
			buildConfigurations = (
				1C88677622B1490D00E39B8E /* Debug */,
				1C88677722B1490D00E39B8E /* Release */,
			);
			defaultConfigurationIsVisible = 0;
			defaultConfigurationName = Release;
		};
		1C952D7622B209D10072DAE1 /* Build configuration list for PBXNativeTarget "MultiThreadCounter" */ = {
			isa = XCConfigurationList;
			buildConfigurations = (
				1C952D7722B209D10072DAE1 /* Debug */,
				1C952D7822B209D10072DAE1 /* Release */,
			);
			defaultConfigurationIsVisible = 0;
			defaultConfigurationName = Release;
		};
		1C952D8122B20EC60072DAE1 /* Build configuration list for PBXNativeTarget "DeadLock" */ = {
			isa = XCConfigurationList;
			buildConfigurations = (
				1C952D8222B20EC60072DAE1 /* Debug */,
				1C952D8322B20EC60072DAE1 /* Release */,
			);
			defaultConfigurationIsVisible = 0;
			defaultConfigurationName = Release;
		};
		1CAFF6D422B134F600A0AAEF /* Build configuration list for PBXProject "APUEMac" */ = {
			isa = XCConfigurationList;
			buildConfigurations = (
				1CAFF6DE22B134F600A0AAEF /* Debug */,
				1CAFF6DF22B134F600A0AAEF /* Release */,
			);
			defaultConfigurationIsVisible = 0;
			defaultConfigurationName = Release;
		};
		1CAFF6E022B134F600A0AAEF /* Build configuration list for PBXNativeTarget "APUEMac" */ = {
			isa = XCConfigurationList;
			buildConfigurations = (
				1CAFF6E122B134F600A0AAEF /* Debug */,
				1CAFF6E222B134F600A0AAEF /* Release */,
			);
			defaultConfigurationIsVisible = 0;
			defaultConfigurationName = Release;
		};
		1CAFF6EB22B1359800A0AAEF /* Build configuration list for PBXNativeTarget "Write" */ = {
			isa = XCConfigurationList;
			buildConfigurations = (
				1CAFF6EC22B1359800A0AAEF /* Debug */,
				1CAFF6ED22B1359800A0AAEF /* Release */,
			);
			defaultConfigurationIsVisible = 0;
			defaultConfigurationName = Release;
		};
		1CAFF6F822B135DF00A0AAEF /* Build configuration list for PBXNativeTarget "Read" */ = {
			isa = XCConfigurationList;
			buildConfigurations = (
				1CAFF6F922B135DF00A0AAEF /* Debug */,
				1CAFF6FA22B135DF00A0AAEF /* Release */,
			);
			defaultConfigurationIsVisible = 0;
			defaultConfigurationName = Release;
		};
		1CE4805222B29AF000F0688E /* Build configuration list for PBXNativeTarget "CopyStd" */ = {
			isa = XCConfigurationList;
			buildConfigurations = (
				1CE4805022B29AF000F0688E /* Debug */,
				1CE4805122B29AF000F0688E /* Release */,
			);
			defaultConfigurationIsVisible = 0;
			defaultConfigurationName = Release;
		};
		1CF36A2622B52F19004BF16B /* Build configuration list for PBXNativeTarget "ErgodicDir" */ = {
			isa = XCConfigurationList;
			buildConfigurations = (
				1CF36A2422B52F19004BF16B /* Debug */,
				1CF36A2522B52F19004BF16B /* Release */,
			);
			defaultConfigurationIsVisible = 0;
			defaultConfigurationName = Release;
		};
		1CF36A2F22B541D9004BF16B /* Build configuration list for PBXNativeTarget "ErgodicDirImpru" */ = {
			isa = XCConfigurationList;
			buildConfigurations = (
				1CF36A3022B541D9004BF16B /* Debug */,
				1CF36A3122B541D9004BF16B /* Release */,
			);
			defaultConfigurationIsVisible = 0;
			defaultConfigurationName = Release;
		};
		1CF36A3A22B549DB004BF16B /* Build configuration list for PBXNativeTarget "Mmapmini" */ = {
			isa = XCConfigurationList;
			buildConfigurations = (
				1CF36A3B22B549DB004BF16B /* Debug */,
				1CF36A3C22B549DB004BF16B /* Release */,
			);
			defaultConfigurationIsVisible = 0;
			defaultConfigurationName = Release;
		};
/* End XCConfigurationList section */
	};
	rootObject = 1CAFF6D122B134F600A0AAEF /* Project object */;
}
